
Microsoft Visual Studio Solution File, Format Version 12.00
# Visual Studio Version 17
VisualStudioVersion = 17.7.34031.279
MinimumVisualStudioVersion = 10.0.40219.1
Project("{FAE04EC0-301F-11D3-BF4B-00C04F79EFBC}") = "U3_Practica-9", "U3_Practica-9.csproj", "{1F20C73A-0D24-49CF-B08C-DDED53158CF1}"
EndProject
Global
	GlobalSection(SolutionConfigurationPlatforms) = preSolution
		Debug|Any CPU = Debug|Any CPU
		Release|Any CPU = Release|Any CPU
	EndGlobalSection
	GlobalSection(ProjectConfigurationPlatforms) = postSolution
		{1F20C73A-0D24-49CF-B08C-DDED53158CF1}.Debug|Any CPU.ActiveCfg = Debug|Any CPU
		{1F20C73A-0D24-49CF-B08C-DDED53158CF1}.Debug|Any CPU.Build.0 = Debug|Any CPU
		{1F20C73A-0D24-49CF-B08C-DDED53158CF1}.Release|Any CPU.ActiveCfg = Release|Any CPU
		{1F20C73A-0D24-49CF-B08C-DDED53158CF1}.Release|Any CPU.Build.0 = Release|Any CPU
	EndGlobalSection
	GlobalSection(SolutionProperties) = preSolution
		HideSolutionNode = FALSE
	EndGlobalSection
	GlobalSection(ExtensibilityGlobals) = postSolution
		SolutionGuid = {E8F59F23-5187-4250-ACB2-FF40491F7C6E}
	EndGlobalSection
EndGlobal
